
Microsoft Visual Studio Solution File, Format Version 12.00
# Visual Studio Version 16
VisualStudioVersion = 16.0.30804.86
MinimumVisualStudioVersion = 10.0.40219.1
Project("{FAE04EC0-301F-11D3-BF4B-00C04F79EFBC}") = "TestApp", "TestApp.csproj", "{22A742DF-98FB-45C4-BEAB-87C795D38AF3}"
EndProject
Project("{FAE04EC0-301F-11D3-BF4B-00C04F79EFBC}") = "Test.TradeService", "Test.TradeService\Test.TradeService.csproj", "{C6D1B325-F179-4499-9BE5-B7F56AC9B162}"
EndProject
Project("{FAE04EC0-301F-11D3-BF4B-00C04F79EFBC}") = "Test.Model", "Test.Model\Test.Model.csproj", "{9F869E79-37CC-4248-ACF7-53E83241D9BE}"
EndProject
Project("{FAE04EC0-301F-11D3-BF4B-00C04F79EFBC}") = "Test.TradeProcessor", "Test.TradeProcessor\Test.TradeProcessor.csproj", "{88F86549-1325-4A7D-A759-5CCB231D91C5}"
EndProject
Project("{FAE04EC0-301F-11D3-BF4B-00C04F79EFBC}") = "Test.DataStore", "Test.DataStore\Test.DataStore.csproj", "{FC036C79-579A-4F1C-B8A1-AF598715BBD6}"
EndProject
Global
	GlobalSection(SolutionConfigurationPlatforms) = preSolution
		Debug|Any CPU = Debug|Any CPU
		Release|Any CPU = Release|Any CPU
	EndGlobalSection
	GlobalSection(ProjectConfigurationPlatforms) = postSolution
		{22A742DF-98FB-45C4-BEAB-87C795D38AF3}.Debug|Any CPU.ActiveCfg = Debug|Any CPU
		{22A742DF-98FB-45C4-BEAB-87C795D38AF3}.Debug|Any CPU.Build.0 = Debug|Any CPU
		{22A742DF-98FB-45C4-BEAB-87C795D38AF3}.Release|Any CPU.ActiveCfg = Release|Any CPU
		{22A742DF-98FB-45C4-BEAB-87C795D38AF3}.Release|Any CPU.Build.0 = Release|Any CPU
		{C6D1B325-F179-4499-9BE5-B7F56AC9B162}.Debug|Any CPU.ActiveCfg = Debug|Any CPU
		{C6D1B325-F179-4499-9BE5-B7F56AC9B162}.Debug|Any CPU.Build.0 = Debug|Any CPU
		{C6D1B325-F179-4499-9BE5-B7F56AC9B162}.Release|Any CPU.ActiveCfg = Release|Any CPU
		{C6D1B325-F179-4499-9BE5-B7F56AC9B162}.Release|Any CPU.Build.0 = Release|Any CPU
		{9F869E79-37CC-4248-ACF7-53E83241D9BE}.Debug|Any CPU.ActiveCfg = Debug|Any CPU
		{9F869E79-37CC-4248-ACF7-53E83241D9BE}.Debug|Any CPU.Build.0 = Debug|Any CPU
		{9F869E79-37CC-4248-ACF7-53E83241D9BE}.Release|Any CPU.ActiveCfg = Release|Any CPU
		{9F869E79-37CC-4248-ACF7-53E83241D9BE}.Release|Any CPU.Build.0 = Release|Any CPU
		{88F86549-1325-4A7D-A759-5CCB231D91C5}.Debug|Any CPU.ActiveCfg = Debug|Any CPU
		{88F86549-1325-4A7D-A759-5CCB231D91C5}.Debug|Any CPU.Build.0 = Debug|Any CPU
		{88F86549-1325-4A7D-A759-5CCB231D91C5}.Release|Any CPU.ActiveCfg = Release|Any CPU
		{88F86549-1325-4A7D-A759-5CCB231D91C5}.Release|Any CPU.Build.0 = Release|Any CPU
		{FC036C79-579A-4F1C-B8A1-AF598715BBD6}.Debug|Any CPU.ActiveCfg = Debug|Any CPU
		{FC036C79-579A-4F1C-B8A1-AF598715BBD6}.Debug|Any CPU.Build.0 = Debug|Any CPU
		{FC036C79-579A-4F1C-B8A1-AF598715BBD6}.Release|Any CPU.ActiveCfg = Release|Any CPU
		{FC036C79-579A-4F1C-B8A1-AF598715BBD6}.Release|Any CPU.Build.0 = Release|Any CPU
	EndGlobalSection
	GlobalSection(SolutionProperties) = preSolution
		HideSolutionNode = FALSE
	EndGlobalSection
	GlobalSection(ExtensibilityGlobals) = postSolution
		SolutionGuid = {72EB2EBE-FEE3-452F-A315-49F0B1FD5995}
	EndGlobalSection
EndGlobal
